
Microsoft Visual Studio Solution File, Format Version 12.00
# Visual Studio Version 17
VisualStudioVersion = 17.4.33205.214
MinimumVisualStudioVersion = 10.0.40219.1
Project("{FAE04EC0-301F-11D3-BF4B-00C04F79EFBC}") = "CountriesByRegion", "CountriesByRegion\CountriesByRegion.csproj", "{C5BF6CE8-A2CB-492F-A13F-058A265BAB3E}"
EndProject
Global
	GlobalSection(SolutionConfigurationPlatforms) = preSolution
		Debug|Any CPU = Debug|Any CPU
		Release|Any CPU = Release|Any CPU
	EndGlobalSection
	GlobalSection(ProjectConfigurationPlatforms) = postSolution
		{C5BF6CE8-A2CB-492F-A13F-058A265BAB3E}.Debug|Any CPU.ActiveCfg = Debug|Any CPU
		{C5BF6CE8-A2CB-492F-A13F-058A265BAB3E}.Debug|Any CPU.Build.0 = Debug|Any CPU
		{C5BF6CE8-A2CB-492F-A13F-058A265BAB3E}.Release|Any CPU.ActiveCfg = Release|Any CPU
		{C5BF6CE8-A2CB-492F-A13F-058A265BAB3E}.Release|Any CPU.Build.0 = Release|Any CPU
	EndGlobalSection
	GlobalSection(SolutionProperties) = preSolution
		HideSolutionNode = FALSE
	EndGlobalSection
	GlobalSection(ExtensibilityGlobals) = postSolution
		SolutionGuid = {715942D6-F877-47CF-942F-EE6182D24981}
	EndGlobalSection
EndGlobal
